// !$*UTF8*$!
{
	archiveVersion = 1;
	classes = {
	};
	objectVersion = 46;
	objects = {

/* Begin PBXBuildFile section */
		493DAF831B5A2B4E0091C752 /* AppDelegate.swift in Sources */ = {isa = PBXBuildFile; fileRef = 493DAF821B5A2B4E0091C752 /* AppDelegate.swift */; };
		493DAF851B5A2B4E0091C752 /* RecordSoundsViewController.swift in Sources */ = {isa = PBXBuildFile; fileRef = 493DAF841B5A2B4E0091C752 /* RecordSoundsViewController.swift */; };
		493DAF881B5A2B4E0091C752 /* Main.storyboard in Resources */ = {isa = PBXBuildFile; fileRef = 493DAF861B5A2B4E0091C752 /* Main.storyboard */; };
		493DAF8A1B5A2B4E0091C752 /* Images.xcassets in Resources */ = {isa = PBXBuildFile; fileRef = 493DAF891B5A2B4E0091C752 /* Images.xcassets */; };
		493DAF8D1B5A2B4E0091C752 /* LaunchScreen.xib in Resources */ = {isa = PBXBuildFile; fileRef = 493DAF8B1B5A2B4E0091C752 /* LaunchScreen.xib */; };
		493DAF991B5A2B4E0091C752 /* Pitch_PerfectTests.swift in Sources */ = {isa = PBXBuildFile; fileRef = 493DAF981B5A2B4E0091C752 /* Pitch_PerfectTests.swift */; };
		493DAFA31B5B68850091C752 /* PlaySoundsViewController.swift in Sources */ = {isa = PBXBuildFile; fileRef = 493DAFA21B5B68850091C752 /* PlaySoundsViewController.swift */; };
		493DAFA71B5B95CD0091C752 /* RecordedAudio.swift in Sources */ = {isa = PBXBuildFile; fileRef = 493DAFA61B5B95CD0091C752 /* RecordedAudio.swift */; };
/* End PBXBuildFile section */

/* Begin PBXContainerItemProxy section */
		493DAF931B5A2B4E0091C752 /* PBXContainerItemProxy */ = {
			isa = PBXContainerItemProxy;
			containerPortal = 493DAF751B5A2B4E0091C752 /* Project object */;
			proxyType = 1;
			remoteGlobalIDString = 493DAF7C1B5A2B4E0091C752;
			remoteInfo = "Pitch Perfect";
		};
/* End PBXContainerItemProxy section */

/* Begin PBXFileReference section */
		493DAF7D1B5A2B4E0091C752 /* Pitch Perfect.app */ = {isa = PBXFileReference; explicitFileType = wrapper.application; includeInIndex = 0; path = "Pitch Perfect.app"; sourceTree = BUILT_PRODUCTS_DIR; };
		493DAF811B5A2B4E0091C752 /* Info.plist */ = {isa = PBXFileReference; lastKnownFileType = text.plist.xml; path = Info.plist; sourceTree = "<group>"; };
		493DAF821B5A2B4E0091C752 /* AppDelegate.swift */ = {isa = PBXFileReference; lastKnownFileType = sourcecode.swift; path = AppDelegate.swift; sourceTree = "<group>"; };
		493DAF841B5A2B4E0091C752 /* RecordSoundsViewController.swift */ = {isa = PBXFileReference; lastKnownFileType = sourcecode.swift; path = RecordSoundsViewController.swift; sourceTree = "<group>"; };
		493DAF871B5A2B4E0091C752 /* Base */ = {isa = PBXFileReference; lastKnownFileType = file.storyboard; name = Base; path = Base.lproj/Main.storyboard; sourceTree = "<group>"; };
		493DAF891B5A2B4E0091C752 /* Images.xcassets */ = {isa = PBXFileReference; lastKnownFileType = folder.assetcatalog; path = Images.xcassets; sourceTree = "<group>"; };
		493DAF8C1B5A2B4E0091C752 /* Base */ = {isa = PBXFileReference; lastKnownFileType = file.xib; name = Base; path = Base.lproj/LaunchScreen.xib; sourceTree = "<group>"; };
		493DAF921B5A2B4E0091C752 /* Pitch PerfectTests.xctest */ = {isa = PBXFileReference; explicitFileType = wrapper.cfbundle; includeInIndex = 0; path = "Pitch PerfectTests.xctest"; sourceTree = BUILT_PRODUCTS_DIR; };
		493DAF971B5A2B4E0091C752 /* Info.plist */ = {isa = PBXFileReference; lastKnownFileType = text.plist.xml; path = Info.plist; sourceTree = "<group>"; };
		493DAF981B5A2B4E0091C752 /* Pitch_PerfectTests.swift */ = {isa = PBXFileReference; lastKnownFileType = sourcecode.swift; path = Pitch_PerfectTests.swift; sourceTree = "<group>"; };
		493DAFA21B5B68850091C752 /* PlaySoundsViewController.swift */ = {isa = PBXFileReference; fileEncoding = 4; lastKnownFileType = sourcecode.swift; path = PlaySoundsViewController.swift; sourceTree = "<group>"; };
		493DAFA61B5B95CD0091C752 /* RecordedAudio.swift */ = {isa = PBXFileReference; fileEncoding = 4; lastKnownFileType = sourcecode.swift; path = RecordedAudio.swift; sourceTree = "<group>"; };
/* End PBXFileReference section */

/* Begin PBXFrameworksBuildPhase section */
		493DAF7A1B5A2B4E0091C752 /* Frameworks */ = {
			isa = PBXFrameworksBuildPhase;
			buildActionMask = 2147483647;
			files = (
			);
			runOnlyForDeploymentPostprocessing = 0;
		};
		493DAF8F1B5A2B4E0091C752 /* Frameworks */ = {
			isa = PBXFrameworksBuildPhase;
			buildActionMask = 2147483647;
			files = (
			);
			runOnlyForDeploymentPostprocessing = 0;
		};
/* End PBXFrameworksBuildPhase section */

/* Begin PBXGroup section */
		493DAF741B5A2B4E0091C752 = {
			isa = PBXGroup;
			children = (
				493DAF7F1B5A2B4E0091C752 /* Pitch Perfect */,
				493DAF951B5A2B4E0091C752 /* Pitch PerfectTests */,
				493DAF7E1B5A2B4E0091C752 /* Products */,
			);
			sourceTree = "<group>";
		};
		493DAF7E1B5A2B4E0091C752 /* Products */ = {
			isa = PBXGroup;
			children = (
				493DAF7D1B5A2B4E0091C752 /* Pitch Perfect.app */,
				493DAF921B5A2B4E0091C752 /* Pitch PerfectTests.xctest */,
			);
			name = Products;
			sourceTree = "<group>";
		};
		493DAF7F1B5A2B4E0091C752 /* Pitch Perfect */ = {
			isa = PBXGroup;
			children = (
				493DAF821B5A2B4E0091C752 /* AppDelegate.swift */,
				493DAF841B5A2B4E0091C752 /* RecordSoundsViewController.swift */,
				493DAFA21B5B68850091C752 /* PlaySoundsViewController.swift */,
				493DAFA61B5B95CD0091C752 /* RecordedAudio.swift */,
				493DAF861B5A2B4E0091C752 /* Main.storyboard */,
				493DAF891B5A2B4E0091C752 /* Images.xcassets */,
				493DAF8B1B5A2B4E0091C752 /* LaunchScreen.xib */,
				493DAF801B5A2B4E0091C752 /* Supporting Files */,
			);
			path = "Pitch Perfect";
			sourceTree = "<group>";
		};
		493DAF801B5A2B4E0091C752 /* Supporting Files */ = {
			isa = PBXGroup;
			children = (
				493DAF811B5A2B4E0091C752 /* Info.plist */,
			);
			name = "Supporting Files";
			sourceTree = "<group>";
		};
		493DAF951B5A2B4E0091C752 /* Pitch PerfectTests */ = {
			isa = PBXGroup;
			children = (
				493DAF981B5A2B4E0091C752 /* Pitch_PerfectTests.swift */,
				493DAF961B5A2B4E0091C752 /* Supporting Files */,
			);
			path = "Pitch PerfectTests";
			sourceTree = "<group>";
		};
		493DAF961B5A2B4E0091C752 /* Supporting Files */ = {
			isa = PBXGroup;
			children = (
				493DAF971B5A2B4E0091C752 /* Info.plist */,
			);
			name = "Supporting Files";
			sourceTree = "<group>";
		};
/* End PBXGroup section */

/* Begin PBXNativeTarget section */
		493DAF7C1B5A2B4E0091C752 /* Pitch Perfect */ = {
			isa = PBXNativeTarget;
			buildConfigurationList = 493DAF9C1B5A2B4E0091C752 /* Build configuration list for PBXNativeTarget "Pitch Perfect" */;
			buildPhases = (
				493DAF791B5A2B4E0091C752 /* Sources */,
				493DAF7A1B5A2B4E0091C752 /* Frameworks */,
				493DAF7B1B5A2B4E0091C752 /* Resources */,
			);
			buildRules = (
			);
			dependencies = (
			);
			name = "Pitch Perfect";
			productName = "Pitch Perfect";
			productReference = 493DAF7D1B5A2B4E0091C752 /* Pitch Perfect.app */;
			productType = "com.apple.product-type.application";
		};
		493DAF911B5A2B4E0091C752 /* Pitch PerfectTests */ = {
			isa = PBXNativeTarget;
			buildConfigurationList = 493DAF9F1B5A2B4E0091C752 /* Build configuration list for PBXNativeTarget "Pitch PerfectTests" */;
			buildPhases = (
				493DAF8E1B5A2B4E0091C752 /* Sources */,
				493DAF8F1B5A2B4E0091C752 /* Frameworks */,
				493DAF901B5A2B4E0091C752 /* Resources */,
			);
			buildRules = (
			);
			dependencies = (
				493DAF941B5A2B4E0091C752 /* PBXTargetDependency */,
			);
			name = "Pitch PerfectTests";
			productName = "Pitch PerfectTests";
			productReference = 493DAF921B5A2B4E0091C752 /* Pitch PerfectTests.xctest */;
			productType = "com.apple.product-type.bundle.unit-test";
		};
/* End PBXNativeTarget section */

/* Begin PBXProject section */
		493DAF751B5A2B4E0091C752 /* Project object */ = {
			isa = PBXProject;
			attributes = {
				LastUpgradeCheck = 0640;
				ORGANIZATIONNAME = "Andrew Liu";
				TargetAttributes = {
					493DAF7C1B5A2B4E0091C752 = {
						CreatedOnToolsVersion = 6.4;
					};
					493DAF911B5A2B4E0091C752 = {
						CreatedOnToolsVersion = 6.4;
						TestTargetID = 493DAF7C1B5A2B4E0091C752;
					};
				};
			};
			buildConfigurationList = 493DAF781B5A2B4E0091C752 /* Build configuration list for PBXProject "Pitch Perfect" */;
			compatibilityVersion = "Xcode 3.2";
			developmentRegion = English;
			hasScannedForEncodings = 0;
			knownRegions = (
				en,
				Base,
			);
			mainGroup = 493DAF741B5A2B4E0091C752;
			productRefGroup = 493DAF7E1B5A2B4E0091C752 /* Products */;
			projectDirPath = "";
			projectRoot = "";
			targets = (
				493DAF7C1B5A2B4E0091C752 /* Pitch Perfect */,
				493DAF911B5A2B4E0091C752 /* Pitch PerfectTests */,
			);
		};
/* End PBXProject section */

/* Begin PBXResourcesBuildPhase section */
		493DAF7B1B5A2B4E0091C752 /* Resources */ = {
			isa = PBXResourcesBuildPhase;
			buildActionMask = 2147483647;
			files = (
				493DAF881B5A2B4E0091C752 /* Main.storyboard in Resources */,
				493DAF8D1B5A2B4E0091C752 /* LaunchScreen.xib in Resources */,
				493DAF8A1B5A2B4E0091C752 /* Images.xcassets in Resources */,
			);
			runOnlyForDeploymentPostprocessing = 0;
		};
		493DAF901B5A2B4E0091C752 /* Resources */ = {
			isa = PBXResourcesBuildPhase;
			buildActionMask = 2147483647;
			files = (
			);
			runOnlyForDeploymentPostprocessing = 0;
		};
/* End PBXResourcesBuildPhase section */

/* Begin PBXSourcesBuildPhase section */
		493DAF791B5A2B4E0091C752 /* Sources */ = {
			isa = PBXSourcesBuildPhase;
			buildActionMask = 2147483647;
			files = (
				493DAFA71B5B95CD0091C752 /* RecordedAudio.swift in Sources */,
				493DAF851B5A2B4E0091C752 /* RecordSoundsViewController.swift in Sources */,
				493DAFA31B5B68850091C752 /* PlaySoundsViewController.swift in Sources */,
				493DAF831B5A2B4E0091C752 /* AppDelegate.swift in Sources */,
			);
			runOnlyForDeploymentPostprocessing = 0;
		};
		493DAF8E1B5A2B4E0091C752 /* Sources */ = {
			isa = PBXSourcesBuildPhase;
			buildActionMask = 2147483647;
			files = (
				493DAF991B5A2B4E0091C752 /* Pitch_PerfectTests.swift in Sources */,
			);
			runOnlyForDeploymentPostprocessing = 0;
		};
/* End PBXSourcesBuildPhase section */

/* Begin PBXTargetDependency section */
		493DAF941B5A2B4E0091C752 /* PBXTargetDependency */ = {
			isa = PBXTargetDependency;
			target = 493DAF7C1B5A2B4E0091C752 /* Pitch Perfect */;
			targetProxy = 493DAF931B5A2B4E0091C752 /* PBXContainerItemProxy */;
		};
/* End PBXTargetDependency section */

/* Begin PBXVariantGroup section */
		493DAF861B5A2B4E0091C752 /* Main.storyboard */ = {
			isa = PBXVariantGroup;
			children = (
				493DAF871B5A2B4E0091C752 /* Base */,
			);
			name = Main.storyboard;
			sourceTree = "<group>";
		};
		493DAF8B1B5A2B4E0091C752 /* LaunchScreen.xib */ = {
			isa = PBXVariantGroup;
			children = (
				493DAF8C1B5A2B4E0091C752 /* Base */,
			);
			name = LaunchScreen.xib;
			sourceTree = "<group>";
		};
/* End PBXVariantGroup section */

/* Begin XCBuildConfiguration section */
		493DAF9A1B5A2B4E0091C752 /* Debug */ = {
			isa = XCBuildConfiguration;
			buildSettings = {
				ALWAYS_SEARCH_USER_PATHS = NO;
				CLANG_CXX_LANGUAGE_STANDARD = "gnu++0x";
				CLANG_CXX_LIBRARY = "libc++";
				CLANG_ENABLE_MODULES = YES;
				CLANG_ENABLE_OBJC_ARC = YES;
				CLANG_WARN_BOOL_CONVERSION = YES;
				CLANG_WARN_CONSTANT_CONVERSION = YES;
				CLANG_WARN_DIRECT_OBJC_ISA_USAGE = YES_ERROR;
				CLANG_WARN_EMPTY_BODY = YES;
				CLANG_WARN_ENUM_CONVERSION = YES;
				CLANG_WARN_INT_CONVERSION = YES;
				CLANG_WARN_OBJC_ROOT_CLASS = YES_ERROR;
				CLANG_WARN_UNREACHABLE_CODE = YES;
				CLANG_WARN__DUPLICATE_METHOD_MATCH = YES;
				"CODE_SIGN_IDENTITY[sdk=iphoneos*]" = "iPhone Developer";
				COPY_PHASE_STRIP = NO;
				DEBUG_INFORMATION_FORMAT = "dwarf-with-dsym";
				ENABLE_STRICT_OBJC_MSGSEND = YES;
				GCC_C_LANGUAGE_STANDARD = gnu99;
				GCC_DYNAMIC_NO_PIC = NO;
				GCC_NO_COMMON_BLOCKS = YES;
				GCC_OPTIMIZATION_LEVEL = 0;
				GCC_PREPROCESSOR_DEFINITIONS = (
					"DEBUG=1",
					"$(inherited)",
				);
				GCC_SYMBOLS_PRIVATE_EXTERN = NO;
				GCC_WARN_64_TO_32_BIT_CONVERSION = YES;
				GCC_WARN_ABOUT_RETURN_TYPE = YES_ERROR;
				GCC_WARN_UNDECLARED_SELECTOR = YES;
				GCC_WARN_UNINITIALIZED_AUTOS = YES_AGGRESSIVE;
				GCC_WARN_UNUSED_FUNCTION = YES;
				GCC_WARN_UNUSED_VARIABLE = YES;
				IPHONEOS_DEPLOYMENT_TARGET = 8.4;
				MTL_ENABLE_DEBUG_INFO = YES;
				ONLY_ACTIVE_ARCH = YES;
				SDKROOT = iphoneos;
				SWIFT_OPTIMIZATION_LEVEL = "-Onone";
			};
			name = Debug;
		};
		493DAF9B1B5A2B4E0091C752 /* Release */ = {
			isa = XCBuildConfiguration;
			buildSettings = {
				ALWAYS_SEARCH_USER_PATHS = NO;
				CLANG_CXX_LANGUAGE_STANDARD = "gnu++0x";
				CLANG_CXX_LIBRARY = "libc++";
				CLANG_ENABLE_MODULES = YES;
				CLANG_ENABLE_OBJC_ARC = YES;
				CLANG_WARN_BOOL_CONVERSION = YES;
				CLANG_WARN_CONSTANT_CONVERSION = YES;
				CLANG_WARN_DIRECT_OBJC_ISA_USAGE = YES_ERROR;
				CLANG_WARN_EMPTY_BODY = YES;
				CLANG_WARN_ENUM_CONVERSION = YES;
				CLANG_WARN_INT_CONVERSION = YES;
				CLANG_WARN_OBJC_ROOT_CLASS = YES_ERROR;
				CLANG_WARN_UNREACHABLE_CODE = YES;
				CLANG_WARN__DUPLICATE_METHOD_MATCH = YES;
				"CODE_SIGN_IDENTITY[sdk=iphoneos*]" = "iPhone Developer";
				COPY_PHASE_STRIP = NO;
				DEBUG_INFORMATION_FORMAT = "dwarf-with-dsym";
				ENABLE_NS_ASSERTIONS = NO;
				ENABLE_STRICT_OBJC_MSGSEND = YES;
				GCC_C_LANGUAGE_STANDARD = gnu99;
				GCC_NO_COMMON_BLOCKS = YES;
				GCC_WARN_64_TO_32_BIT_CONVERSION = YES;
				GCC_WARN_ABOUT_RETURN_TYPE = YES_ERROR;
				GCC_WARN_UNDECLARED_SELECTOR = YES;
				GCC_WARN_UNINITIALIZED_AUTOS = YES_AGGRESSIVE;
				GCC_WARN_UNUSED_FUNCTION = YES;
				GCC_WARN_UNUSED_VARIABLE = YES;
				IPHONEOS_DEPLOYMENT_TARGET = 8.4;
				MTL_ENABLE_DEBUG_INFO = NO;
				SDKROOT = iphoneos;
				VALIDATE_PRODUCT = YES;
			};
			name = Release;
		};
		493DAF9D1B5A2B4E0091C752 /* Debug */ = {
			isa = XCBuildConfiguration;
			buildSettings = {
				ASSETCATALOG_COMPILER_APPICON_NAME = AppIcon;
				INFOPLIST_FILE = "Pitch Perfect/Info.plist";
				LD_RUNPATH_SEARCH_PATHS = "$(inherited) @executable_path/Frameworks";
				PRODUCT_NAME = "$(TARGET_NAME)";
			};
			name = Debug;
		};
		493DAF9E1B5A2B4E0091C752 /* Release */ = {
			isa = XCBuildConfiguration;
			buildSettings = {
				ASSETCATALOG_COMPILER_APPICON_NAME = AppIcon;
				INFOPLIST_FILE = "Pitch Perfect/Info.plist";
				LD_RUNPATH_SEARCH_PATHS = "$(inherited) @executable_path/Frameworks";
				PRODUCT_NAME = "$(TARGET_NAME)";
			};
			name = Release;
		};
		493DAFA01B5A2B4E0091C752 /* Debug */ = {
			isa = XCBuildConfiguration;
			buildSettings = {
				BUNDLE_LOADER = "$(TEST_HOST)";
				FRAMEWORK_SEARCH_PATHS = (
					"$(SDKROOT)/Developer/Library/Frameworks",
					"$(inherited)",
				);
				GCC_PREPROCESSOR_DEFINITIONS = (
					"DEBUG=1",
					"$(inherited)",
				);
				INFOPLIST_FILE = "Pitch PerfectTests/Info.plist";
				LD_RUNPATH_SEARCH_PATHS = "$(inherited) @executable_path/Frameworks @loader_path/Frameworks";
				PRODUCT_NAME = "$(TARGET_NAME)";
				TEST_HOST = "$(BUILT_PRODUCTS_DIR)/Pitch Perfect.app/Pitch Perfect";
			};
			name = Debug;
		};
		493DAFA11B5A2B4E0091C752 /* Release */ = {
			isa = XCBuildConfiguration;
			buildSettings = {
				BUNDLE_LOADER = "$(TEST_HOST)";
				FRAMEWORK_SEARCH_PATHS = (
					"$(SDKROOT)/Developer/Library/Frameworks",
					"$(inherited)",
				);
				INFOPLIST_FILE = "Pitch PerfectTests/Info.plist";
				LD_RUNPATH_SEARCH_PATHS = "$(inherited) @executable_path/Frameworks @loader_path/Frameworks";
				PRODUCT_NAME = "$(TARGET_NAME)";
				TEST_HOST = "$(BUILT_PRODUCTS_DIR)/Pitch Perfect.app/Pitch Perfect";
			};
			name = Release;
		};
/* End XCBuildConfiguration section */

/* Begin XCConfigurationList section */
		493DAF781B5A2B4E0091C752 /* Build configuration list for PBXProject "Pitch Perfect" */ = {
			isa = XCConfigurationList;
			buildConfigurations = (
				493DAF9A1B5A2B4E0091C752 /* Debug */,
				493DAF9B1B5A2B4E0091C752 /* Release */,
			);
			defaultConfigurationIsVisible = 0;
			defaultConfigurationName = Release;
		};
		493DAF9C1B5A2B4E0091C752 /* Build configuration list for PBXNativeTarget "Pitch Perfect" */ = {
			isa = XCConfigurationList;
			buildConfigurations = (
				493DAF9D1B5A2B4E0091C752 /* Debug */,
				493DAF9E1B5A2B4E0091C752 /* Release */,
			);
			defaultConfigurationIsVisible = 0;
			defaultConfigurationName = Release;
		};
		493DAF9F1B5A2B4E0091C752 /* Build configuration list for PBXNativeTarget "Pitch PerfectTests" */ = {
			isa = XCConfigurationList;
			buildConfigurations = (
				493DAFA01B5A2B4E0091C752 /* Debug */,
				493DAFA11B5A2B4E0091C752 /* Release */,
			);
			defaultConfigurationIsVisible = 0;
			defaultConfigurationName = Release;
		};
/* End XCConfigurationList section */
	};
	rootObject = 493DAF751B5A2B4E0091C752 /* Project object */;
}
